<?xml version="1.0" encoding="utf-8"?>
<Project ToolsVersion="4.0" xmlns="http://schemas.microsoft.com/developer/msbuild/2003">
  <ItemGroup>
    <Filter Include="Source Files">
      <UniqueIdentifier>{4FC737F1-C7A5-4376-A066-2A32D752A2FF}</UniqueIdentifier>
      <Extensions>cpp;c;cc;cxx;c++;cppm;ixx;def;odl;idl;hpj;bat;asm;asmx</Extensions>
    </Filter>
    <Filter Include="Header Files">
      <UniqueIdentifier>{93995380-89BD-4b04-88EB-625FBE52EBFB}</UniqueIdentifier>
      <Extensions>h;hh;hpp;hxx;h++;hm;inl;inc;ipp;xsd</Extensions>
    </Filter>
    <Filter Include="Resource Files">
      <UniqueIdentifier>{67DA6AB6-F800-4c08-8B7A-83BB121AAD01}</UniqueIdentifier>
      <Extensions>rc;ico;cur;bmp;dlg;rc2;rct;bin;rgs;gif;jpg;jpeg;jpe;resx;tiff;tif;png;wav;mfcribbon-ms</Extensions>
    </Filter>
    <Filter Include="Source Files\imGui">
      <UniqueIdentifier>{ea153bcc-74bc-4a4b-9986-a7d8cb4af73d}</UniqueIdentifier>
    </Filter>
    <Filter Include="Source Files\WaveGenerator">
      <UniqueIdentifier>{2dcd5c24-e7aa-4375-a15a-59d537cb8f8c}</UniqueIdentifier>
    </Filter>
    <Filter Include="Source Files\Waves">
      <UniqueIdentifier>{16442ee9-c2fb-43ed-ad93-1313c62259d9}</UniqueIdentifier>
    </Filter>
    <Filter Include="Source Files\Filters">
      <UniqueIdentifier>{61c13e18-9f11-4733-8b00-6d63ac0a9abb}</UniqueIdentifier>
    </Filter>
  </ItemGroup>
  <ItemGroup>
    <ClCompile Include="Source\WavGenerator.cpp">
      <Filter>Source Files</Filter>
    </ClCompile>
    <ClCompile Include="Source\synthesizer.cpp">
      <Filter>Source Files</Filter>
    </ClCompile>
    <ClCompile Include="Source\utilities.cpp">
      <Filter>Source Files</Filter>
    </ClCompile>
    <ClCompile Include="Source\audio_buffer.cpp">
      <Filter>Source Files</Filter>
    </ClCompile>
    <ClCompile Include="Source\main.cpp">
      <Filter>Source Files</Filter>
    </ClCompile>
    <ClCompile Include="Source\audioSynth.cpp">
      <Filter>Source Files</Filter>
    </ClCompile>
    <ClCompile Include="Source\Filter.cpp">
      <Filter>Source Files\Filters</Filter>
    </ClCompile>
    <ClCompile Include="Source\convolution_filter.cpp">
      <Filter>Source Files\Filters</Filter>
    </ClCompile>
    <ClCompile Include="Source\derivative_filter.cpp">
      <Filter>Source Files\Filters</Filter>
    </ClCompile>
    <ClCompile Include="Source\HarmonicWave.cpp">
      <Filter>Source Files\Waves</Filter>
    </ClCompile>
    <ClCompile Include="Source\low_pass_filter.cpp">
      <Filter>Source Files\Filters</Filter>
    </ClCompile>
    <ClCompile Include="Source\leveling_filter.cpp">
      <Filter>Source Files\Filters</Filter>
    </ClCompile>
    <ClCompile Include="Source\SquareWave.cpp">
      <Filter>Source Files\Waves</Filter>
    </ClCompile>
    <ClCompile Include="Source\Wave.cpp">
      <Filter>Source Files\Waves</Filter>
    </ClCompile>
    <ClCompile Include="Source\TriangleWave.cpp">
      <Filter>Source Files\Waves</Filter>
    </ClCompile>
    <ClCompile Include="Source\SineWave.cpp">
      <Filter>Source Files\Waves</Filter>
    </ClCompile>
  </ItemGroup>
  <ItemGroup>
    <ClInclude Include="Source\Filter.h">
      <Filter>Header Files</Filter>
    </ClInclude>
    <ClInclude Include="Source\HarmonicWave.h">
      <Filter>Header Files</Filter>
    </ClInclude>
    <ClInclude Include="Source\SineWave.h">
      <Filter>Header Files</Filter>
    </ClInclude>
    <ClInclude Include="Source\SquareWave.h">
      <Filter>Header Files</Filter>
    </ClInclude>
    <ClInclude Include="Source\TriangleWave.h">
      <Filter>Header Files</Filter>
    </ClInclude>
    <ClInclude Include="Source\Wave.h">
      <Filter>Header Files</Filter>
    </ClInclude>
    <ClInclude Include="Source\Includes.h">
      <Filter>Header Files</Filter>
    </ClInclude>
    <ClInclude Include="Source\convolution_filter.h">
      <Filter>Header Files</Filter>
    </ClInclude>
    <ClInclude Include="Source\low_pass_filter.h">
      <Filter>Header Files</Filter>
    </ClInclude>
    <ClInclude Include="Source\synthesizer.h">
      <Filter>Header Files</Filter>
    </ClInclude>
    <ClInclude Include="Source\delta.h">
      <Filter>Header Files</Filter>
    </ClInclude>
    <ClInclude Include="Source\utilities.h">
      <Filter>Header Files</Filter>
    </ClInclude>
    <ClInclude Include="Source\adaptive_volume_filter.h">
      <Filter>Header Files</Filter>
    </ClInclude>
    <ClInclude Include="Source\audio_buffer.h">
      <Filter>Header Files</Filter>
    </ClInclude>
    <ClInclude Include="Source\derivative_filter.h">
      <Filter>Header Files</Filter>
    </ClInclude>
    <ClInclude Include="Source\ring_buffer.h">
      <Filter>Header Files</Filter>
    </ClInclude>
    <ClInclude Include="Source\leveling_filter.h">
      <Filter>Header Files</Filter>
    </ClInclude>
    <ClInclude Include="Source\constants.h">
      <Filter>Header Files</Filter>
    </ClInclude>
    <ClInclude Include="Source\audioDataConstants.h">
      <Filter>Header Files</Filter>
    </ClInclude>
    <ClInclude Include="Source\audioSynth.h">
      <Filter>Header Files</Filter>
    </ClInclude>
    <ClInclude Include="Source\WavGenerator.h">
      <Filter>Header Files</Filter>
    </ClInclude>
    <ClInclude Include="imgui\backends\imgui_impl_allegro5.h">
      <Filter>Header Files</Filter>
    </ClInclude>
    <ClInclude Include="imgui\backends\imgui_impl_android.h">
      <Filter>Header Files</Filter>
    </ClInclude>
    <ClInclude Include="imgui\backends\imgui_impl_dx9.h">
      <Filter>Header Files</Filter>
    </ClInclude>
    <ClInclude Include="imgui\backends\imgui_impl_dx10.h">
      <Filter>Header Files</Filter>
    </ClInclude>
    <ClInclude Include="imgui\backends\imgui_impl_dx11.h">
      <Filter>Header Files</Filter>
    </ClInclude>
    <ClInclude Include="imgui\backends\imgui_impl_dx12.h">
      <Filter>Header Files</Filter>
    </ClInclude>
    <ClInclude Include="imgui\backends\imgui_impl_glfw.h">
      <Filter>Header Files</Filter>
    </ClInclude>
    <ClInclude Include="imgui\backends\imgui_impl_glut.h">
      <Filter>Header Files</Filter>
    </ClInclude>
    <ClInclude Include="imgui\backends\imgui_impl_metal.h">
      <Filter>Header Files</Filter>
    </ClInclude>
    <ClInclude Include="imgui\backends\imgui_impl_opengl2.h">
      <Filter>Header Files</Filter>
    </ClInclude>
    <ClInclude Include="imgui\backends\imgui_impl_opengl3.h">
      <Filter>Header Files</Filter>
    </ClInclude>
    <ClInclude Include="imgui\backends\imgui_impl_opengl3_loader.h">
      <Filter>Header Files</Filter>
    </ClInclude>
    <ClInclude Include="imgui\backends\imgui_impl_osx.h">
      <Filter>Header Files</Filter>
    </ClInclude>
    <ClInclude Include="imgui\backends\imgui_impl_sdl.h">
      <Filter>Header Files</Filter>
    </ClInclude>
    <ClInclude Include="imgui\backends\imgui_impl_sdlrenderer.h">
      <Filter>Header Files</Filter>
    </ClInclude>
    <ClInclude Include="imgui\backends\imgui_impl_vulkan.h">
      <Filter>Header Files</Filter>
    </ClInclude>
    <ClInclude Include="imgui\backends\imgui_impl_wgpu.h">
      <Filter>Header Files</Filter>
    </ClInclude>
    <ClInclude Include="imgui\backends\imgui_impl_win32.h">
      <Filter>Header Files</Filter>
    </ClInclude>
    <ClInclude Include="imgui\misc\cpp\imgui_stdlib.h">
      <Filter>Header Files</Filter>
    </ClInclude>
    <ClInclude Include="imgui\misc\freetype\imgui_freetype.h">
      <Filter>Header Files</Filter>
    </ClInclude>
    <ClInclude Include="imgui\misc\single_file\imgui_single_file.h">
      <Filter>Header Files</Filter>
    </ClInclude>
  </ItemGroup>
</Project>